
Microsoft Visual Studio Solution File, Format Version 12.00
# Visual Studio Version 16
VisualStudioVersion = 16.0.28729.10
MinimumVisualStudioVersion = 10.0.40219.1
Project("{FAE04EC0-301F-11D3-BF4B-00C04F79EFBC}") = "PooApps2m1", "PooApps2m1\PooApps2m1.csproj", "{26A4EF06-A7D2-44C8-89E7-5A1CDFB8FEA2}"
EndProject
Global
	GlobalSection(SolutionConfigurationPlatforms) = preSolution
		Debug|Any CPU = Debug|Any CPU
		Release|Any CPU = Release|Any CPU
	EndGlobalSection
	GlobalSection(ProjectConfigurationPlatforms) = postSolution
		{26A4EF06-A7D2-44C8-89E7-5A1CDFB8FEA2}.Debug|Any CPU.ActiveCfg = Debug|Any CPU
		{26A4EF06-A7D2-44C8-89E7-5A1CDFB8FEA2}.Debug|Any CPU.Build.0 = Debug|Any CPU
		{26A4EF06-A7D2-44C8-89E7-5A1CDFB8FEA2}.Release|Any CPU.ActiveCfg = Release|Any CPU
		{26A4EF06-A7D2-44C8-89E7-5A1CDFB8FEA2}.Release|Any CPU.Build.0 = Release|Any CPU
	EndGlobalSection
	GlobalSection(SolutionProperties) = preSolution
		HideSolutionNode = FALSE
	EndGlobalSection
	GlobalSection(ExtensibilityGlobals) = postSolution
		SolutionGuid = {70D8639F-3BF1-40CB-A371-5FDF8851BDA6}
	EndGlobalSection
EndGlobal
